{
  "version": 4,
  "terraform_version": "1.14.2",
  "serial": 11,
  "lineage": "f6047f0d-2bd2-7dbb-8a56-38ac5da0b57b",
  "outputs": {
    "account_id": {
      "value": "301442091882",
      "type": "string"
    },
    "arn": {
      "value": "arn:aws:iam::301442091882:root",
      "type": "string"
    }
  },
  "resources": [
    {
      "mode": "data",
      "type": "aws_caller_identity",
      "name": "users",
      "provider": "provider[\"registry.terraform.io/hashicorp/aws\"]",
      "instances": [
        {
          "schema_version": 0,
          "attributes": {
            "account_id": "301442091882",
            "arn": "arn:aws:iam::301442091882:root",
            "id": "301442091882",
            "user_id": "301442091882"
          },
          "sensitive_attributes": [],
          "identity_schema_version": 0
        }
      ]
    },
    {
      "mode": "managed",
      "type": "aws_iam_group",
      "name": "education",
      "provider": "provider[\"registry.terraform.io/hashicorp/aws\"]",
      "instances": [
        {
          "schema_version": 0,
          "attributes": {
            "arn": "arn:aws:iam::301442091882:group/education/education",
            "id": "education",
            "name": "education",
            "path": "/education/",
            "unique_id": "AGPAUML2ZJNVGLMDQS6ZM"
          },
          "sensitive_attributes": [],
          "identity_schema_version": 0,
          "private": "bnVsbA=="
        }
      ]
    }
  ],
  "check_results": null
}
